// !$*UTF8*$!
{
	archiveVersion = 1;
	classes = {
	};
	objectVersion = 55;
	objects = {

/* Begin PBXBuildFile section */
		104513BF280B518B00E7F875 /* JobMemo.xcdatamodeld in Sources */ = {isa = PBXBuildFile; fileRef = 104513BD280B518B00E7F875 /* JobMemo.xcdatamodeld */; };
		A6062AE527FB96E100DB089F /* AppDelegate.swift in Sources */ = {isa = PBXBuildFile; fileRef = A6062AE427FB96E100DB089F /* AppDelegate.swift */; };
		A6062AE727FB96E100DB089F /* SceneDelegate.swift in Sources */ = {isa = PBXBuildFile; fileRef = A6062AE627FB96E100DB089F /* SceneDelegate.swift */; };
		A6062AEC27FB96E100DB089F /* Main.storyboard in Resources */ = {isa = PBXBuildFile; fileRef = A6062AEA27FB96E100DB089F /* Main.storyboard */; };
		A6062AF127FB96E300DB089F /* Assets.xcassets in Resources */ = {isa = PBXBuildFile; fileRef = A6062AF027FB96E300DB089F /* Assets.xcassets */; };
		A6062AF427FB96E300DB089F /* LaunchScreen.storyboard in Resources */ = {isa = PBXBuildFile; fileRef = A6062AF227FB96E300DB089F /* LaunchScreen.storyboard */; };
		A6062B0027FFE06700DB089F /* JobsTableViewController.swift in Sources */ = {isa = PBXBuildFile; fileRef = A6062AFF27FFE06700DB089F /* JobsTableViewController.swift */; };
		A6062B0227FFE32800DB089F /* AddViewController.swift in Sources */ = {isa = PBXBuildFile; fileRef = A6062B0127FFE32800DB089F /* AddViewController.swift */; };
		A6062B0427FFE4BB00DB089F /* EditViewController.swift in Sources */ = {isa = PBXBuildFile; fileRef = A6062B0327FFE4BB00DB089F /* EditViewController.swift */; };
		AF81E755280149AF0016EEC8 /* MessageViewController.swift in Sources */ = {isa = PBXBuildFile; fileRef = AF81E754280149AF0016EEC8 /* MessageViewController.swift */; };
/* End PBXBuildFile section */

/* Begin PBXFileReference section */
		104513BE280B518B00E7F875 /* JobMemo.xcdatamodel */ = {isa = PBXFileReference; lastKnownFileType = wrapper.xcdatamodel; path = JobMemo.xcdatamodel; sourceTree = "<group>"; };
		A6062AE127FB96E100DB089F /* JobMemo.app */ = {isa = PBXFileReference; explicitFileType = wrapper.application; includeInIndex = 0; path = JobMemo.app; sourceTree = BUILT_PRODUCTS_DIR; };
		A6062AE427FB96E100DB089F /* AppDelegate.swift */ = {isa = PBXFileReference; lastKnownFileType = sourcecode.swift; path = AppDelegate.swift; sourceTree = "<group>"; };
		A6062AE627FB96E100DB089F /* SceneDelegate.swift */ = {isa = PBXFileReference; lastKnownFileType = sourcecode.swift; path = SceneDelegate.swift; sourceTree = "<group>"; };
		A6062AEB27FB96E100DB089F /* Base */ = {isa = PBXFileReference; lastKnownFileType = file.storyboard; name = Base; path = Base.lproj/Main.storyboard; sourceTree = "<group>"; };
		A6062AF027FB96E300DB089F /* Assets.xcassets */ = {isa = PBXFileReference; lastKnownFileType = folder.assetcatalog; path = Assets.xcassets; sourceTree = "<group>"; };
		A6062AF327FB96E300DB089F /* Base */ = {isa = PBXFileReference; lastKnownFileType = file.storyboard; name = Base; path = Base.lproj/LaunchScreen.storyboard; sourceTree = "<group>"; };
		A6062AF527FB96E300DB089F /* Info.plist */ = {isa = PBXFileReference; lastKnownFileType = text.plist.xml; path = Info.plist; sourceTree = "<group>"; };
		A6062AFF27FFE06700DB089F /* JobsTableViewController.swift */ = {isa = PBXFileReference; lastKnownFileType = sourcecode.swift; path = JobsTableViewController.swift; sourceTree = "<group>"; };
		A6062B0127FFE32800DB089F /* AddViewController.swift */ = {isa = PBXFileReference; lastKnownFileType = sourcecode.swift; path = AddViewController.swift; sourceTree = "<group>"; };
		A6062B0327FFE4BB00DB089F /* EditViewController.swift */ = {isa = PBXFileReference; lastKnownFileType = sourcecode.swift; path = EditViewController.swift; sourceTree = "<group>"; };
		AF81E754280149AF0016EEC8 /* MessageViewController.swift */ = {isa = PBXFileReference; lastKnownFileType = sourcecode.swift; name = MessageViewController.swift; path = JobMemo/MessageViewController.swift; sourceTree = SOURCE_ROOT; };
/* End PBXFileReference section */

/* Begin PBXFrameworksBuildPhase section */
		A6062ADE27FB96E100DB089F /* Frameworks */ = {
			isa = PBXFrameworksBuildPhase;
			buildActionMask = 2147483647;
			files = (
			);
			runOnlyForDeploymentPostprocessing = 0;
		};
/* End PBXFrameworksBuildPhase section */

/* Begin PBXGroup section */
		A6062AD827FB96E100DB089F = {
			isa = PBXGroup;
			children = (
				A6062AE327FB96E100DB089F /* JobMemo */,
				A6062AE227FB96E100DB089F /* Products */,
			);
			sourceTree = "<group>";
		};
		A6062AE227FB96E100DB089F /* Products */ = {
			isa = PBXGroup;
			children = (
				A6062AE127FB96E100DB089F /* JobMemo.app */,
			);
			name = Products;
			sourceTree = "<group>";
		};
		A6062AE327FB96E100DB089F /* JobMemo */ = {
			isa = PBXGroup;
			children = (
				AF81E754280149AF0016EEC8 /* MessageViewController.swift */,
				A6062AE427FB96E100DB089F /* AppDelegate.swift */,
				A6062AE627FB96E100DB089F /* SceneDelegate.swift */,
				A6062AFF27FFE06700DB089F /* JobsTableViewController.swift */,
				A6062B0127FFE32800DB089F /* AddViewController.swift */,
				A6062B0327FFE4BB00DB089F /* EditViewController.swift */,
				104513BD280B518B00E7F875 /* JobMemo.xcdatamodeld */,
				A6062AEA27FB96E100DB089F /* Main.storyboard */,
				A6062AF027FB96E300DB089F /* Assets.xcassets */,
				A6062AF227FB96E300DB089F /* LaunchScreen.storyboard */,
				A6062AF527FB96E300DB089F /* Info.plist */,
			);
			path = JobMemo;
			sourceTree = "<group>";
		};
/* End PBXGroup section */

/* Begin PBXNativeTarget section */
		A6062AE027FB96E100DB089F /* JobMemo */ = {
			isa = PBXNativeTarget;
			buildConfigurationList = A6062AF827FB96E300DB089F /* Build configuration list for PBXNativeTarget "JobMemo" */;
			buildPhases = (
				A6062ADD27FB96E100DB089F /* Sources */,
				A6062ADE27FB96E100DB089F /* Frameworks */,
				A6062ADF27FB96E100DB089F /* Resources */,
			);
			buildRules = (
			);
			dependencies = (
			);
			name = JobMemo;
			productName = HW8;
			productReference = A6062AE127FB96E100DB089F /* JobMemo.app */;
			productType = "com.apple.product-type.application";
		};
/* End PBXNativeTarget section */

/* Begin PBXProject section */
		A6062AD927FB96E100DB089F /* Project object */ = {
			isa = PBXProject;
			attributes = {
				BuildIndependentTargetsInParallel = 1;
				LastSwiftUpdateCheck = 1330;
				LastUpgradeCheck = 1330;
				TargetAttributes = {
					A6062AE027FB96E100DB089F = {
						CreatedOnToolsVersion = 13.3;
					};
				};
			};
			buildConfigurationList = A6062ADC27FB96E100DB089F /* Build configuration list for PBXProject "JobMemo" */;
			compatibilityVersion = "Xcode 13.0";
			developmentRegion = en;
			hasScannedForEncodings = 0;
			knownRegions = (
				en,
				Base,
			);
			mainGroup = A6062AD827FB96E100DB089F;
			productRefGroup = A6062AE227FB96E100DB089F /* Products */;
			projectDirPath = "";
			projectRoot = "";
			targets = (
				A6062AE027FB96E100DB089F /* JobMemo */,
			);
		};
/* End PBXProject section */

/* Begin PBXResourcesBuildPhase section */
		A6062ADF27FB96E100DB089F /* Resources */ = {
			isa = PBXResourcesBuildPhase;
			buildActionMask = 2147483647;
			files = (
				A6062AF427FB96E300DB089F /* LaunchScreen.storyboard in Resources */,
				A6062AF127FB96E300DB089F /* Assets.xcassets in Resources */,
				A6062AEC27FB96E100DB089F /* Main.storyboard in Resources */,
			);
			runOnlyForDeploymentPostprocessing = 0;
		};
/* End PBXResourcesBuildPhase section */

/* Begin PBXSourcesBuildPhase section */
		A6062ADD27FB96E100DB089F /* Sources */ = {
			isa = PBXSourcesBuildPhase;
			buildActionMask = 2147483647;
			files = (
				A6062B0227FFE32800DB089F /* AddViewController.swift in Sources */,
				A6062AE527FB96E100DB089F /* AppDelegate.swift in Sources */,
				AF81E755280149AF0016EEC8 /* MessageViewController.swift in Sources */,
				A6062B0427FFE4BB00DB089F /* EditViewController.swift in Sources */,
				104513BF280B518B00E7F875 /* JobMemo.xcdatamodeld in Sources */,
				A6062B0027FFE06700DB089F /* JobsTableViewController.swift in Sources */,
				A6062AE727FB96E100DB089F /* SceneDelegate.swift in Sources */,
			);
			runOnlyForDeploymentPostprocessing = 0;
		};
/* End PBXSourcesBuildPhase section */

/* Begin PBXVariantGroup section */
		A6062AEA27FB96E100DB089F /* Main.storyboard */ = {
			isa = PBXVariantGroup;
			children = (
				A6062AEB27FB96E100DB089F /* Base */,
			);
			name = Main.storyboard;
			sourceTree = "<group>";
		};
		A6062AF227FB96E300DB089F /* LaunchScreen.storyboard */ = {
			isa = PBXVariantGroup;
			children = (
				A6062AF327FB96E300DB089F /* Base */,
			);
			name = LaunchScreen.storyboard;
			sourceTree = "<group>";
		};
/* End PBXVariantGroup section */

/* Begin XCBuildConfiguration section */
		A6062AF627FB96E300DB089F /* Debug */ = {
			isa = XCBuildConfiguration;
			buildSettings = {
				ALWAYS_SEARCH_USER_PATHS = NO;
				CLANG_ANALYZER_NONNULL = YES;
				CLANG_ANALYZER_NUMBER_OBJECT_CONVERSION = YES_AGGRESSIVE;
				CLANG_CXX_LANGUAGE_STANDARD = "gnu++17";
				CLANG_ENABLE_MODULES = YES;
				CLANG_ENABLE_OBJC_ARC = YES;
				CLANG_ENABLE_OBJC_WEAK = YES;
				CLANG_WARN_BLOCK_CAPTURE_AUTORELEASING = YES;
				CLANG_WARN_BOOL_CONVERSION = YES;
				CLANG_WARN_COMMA = YES;
				CLANG_WARN_CONSTANT_CONVERSION = YES;
				CLANG_WARN_DEPRECATED_OBJC_IMPLEMENTATIONS = YES;
				CLANG_WARN_DIRECT_OBJC_ISA_USAGE = YES_ERROR;
				CLANG_WARN_DOCUMENTATION_COMMENTS = YES;
				CLANG_WARN_EMPTY_BODY = YES;
				CLANG_WARN_ENUM_CONVERSION = YES;
				CLANG_WARN_INFINITE_RECURSION = YES;
				CLANG_WARN_INT_CONVERSION = YES;
				CLANG_WARN_NON_LITERAL_NULL_CONVERSION = YES;
				CLANG_WARN_OBJC_IMPLICIT_RETAIN_SELF = YES;
				CLANG_WARN_OBJC_LITERAL_CONVERSION = YES;
				CLANG_WARN_OBJC_ROOT_CLASS = YES_ERROR;
				CLANG_WARN_QUOTED_INCLUDE_IN_FRAMEWORK_HEADER = YES;
				CLANG_WARN_RANGE_LOOP_ANALYSIS = YES;
				CLANG_WARN_STRICT_PROTOTYPES = YES;
				CLANG_WARN_SUSPICIOUS_MOVE = YES;
				CLANG_WARN_UNGUARDED_AVAILABILITY = YES_AGGRESSIVE;
				CLANG_WARN_UNREACHABLE_CODE = YES;
				CLANG_WARN__DUPLICATE_METHOD_MATCH = YES;
				COPY_PHASE_STRIP = NO;
				DEBUG_INFORMATION_FORMAT = dwarf;
				ENABLE_STRICT_OBJC_MSGSEND = YES;
				ENABLE_TESTABILITY = YES;
				GCC_C_LANGUAGE_STANDARD = gnu11;
				GCC_DYNAMIC_NO_PIC = NO;
				GCC_NO_COMMON_BLOCKS = YES;
				GCC_OPTIMIZATION_LEVEL = 0;
				GCC_PREPROCESSOR_DEFINITIONS = (
					"DEBUG=1",
					"$(inherited)",
				);
				GCC_WARN_64_TO_32_BIT_CONVERSION = YES;
				GCC_WARN_ABOUT_RETURN_TYPE = YES_ERROR;
				GCC_WARN_UNDECLARED_SELECTOR = YES;
				GCC_WARN_UNINITIALIZED_AUTOS = YES_AGGRESSIVE;
				GCC_WARN_UNUSED_FUNCTION = YES;
				GCC_WARN_UNUSED_VARIABLE = YES;
				IPHONEOS_DEPLOYMENT_TARGET = 15.2;
				MTL_ENABLE_DEBUG_INFO = INCLUDE_SOURCE;
				MTL_FAST_MATH = YES;
				ONLY_ACTIVE_ARCH = YES;
				SDKROOT = iphoneos;
				SWIFT_ACTIVE_COMPILATION_CONDITIONS = DEBUG;
				SWIFT_OPTIMIZATION_LEVEL = "-Onone";
			};
			name = Debug;
		};
		A6062AF727FB96E300DB089F /* Release */ = {
			isa = XCBuildConfiguration;
			buildSettings = {
				ALWAYS_SEARCH_USER_PATHS = NO;
				CLANG_ANALYZER_NONNULL = YES;
				CLANG_ANALYZER_NUMBER_OBJECT_CONVERSION = YES_AGGRESSIVE;
				CLANG_CXX_LANGUAGE_STANDARD = "gnu++17";
				CLANG_ENABLE_MODULES = YES;
				CLANG_ENABLE_OBJC_ARC = YES;
				CLANG_ENABLE_OBJC_WEAK = YES;
				CLANG_WARN_BLOCK_CAPTURE_AUTORELEASING = YES;
				CLANG_WARN_BOOL_CONVERSION = YES;
				CLANG_WARN_COMMA = YES;
				CLANG_WARN_CONSTANT_CONVERSION = YES;
				CLANG_WARN_DEPRECATED_OBJC_IMPLEMENTATIONS = YES;
				CLANG_WARN_DIRECT_OBJC_ISA_USAGE = YES_ERROR;
				CLANG_WARN_DOCUMENTATION_COMMENTS = YES;
				CLANG_WARN_EMPTY_BODY = YES;
				CLANG_WARN_ENUM_CONVERSION = YES;
				CLANG_WARN_INFINITE_RECURSION = YES;
				CLANG_WARN_INT_CONVERSION = YES;
				CLANG_WARN_NON_LITERAL_NULL_CONVERSION = YES;
				CLANG_WARN_OBJC_IMPLICIT_RETAIN_SELF = YES;
				CLANG_WARN_OBJC_LITERAL_CONVERSION = YES;
				CLANG_WARN_OBJC_ROOT_CLASS = YES_ERROR;
				CLANG_WARN_QUOTED_INCLUDE_IN_FRAMEWORK_HEADER = YES;
				CLANG_WARN_RANGE_LOOP_ANALYSIS = YES;
				CLANG_WARN_STRICT_PROTOTYPES = YES;
				CLANG_WARN_SUSPICIOUS_MOVE = YES;
				CLANG_WARN_UNGUARDED_AVAILABILITY = YES_AGGRESSIVE;
				CLANG_WARN_UNREACHABLE_CODE = YES;
				CLANG_WARN__DUPLICATE_METHOD_MATCH = YES;
				COPY_PHASE_STRIP = NO;
				DEBUG_INFORMATION_FORMAT = "dwarf-with-dsym";
				ENABLE_NS_ASSERTIONS = NO;
				ENABLE_STRICT_OBJC_MSGSEND = YES;
				GCC_C_LANGUAGE_STANDARD = gnu11;
				GCC_NO_COMMON_BLOCKS = YES;
				GCC_WARN_64_TO_32_BIT_CONVERSION = YES;
				GCC_WARN_ABOUT_RETURN_TYPE = YES_ERROR;
				GCC_WARN_UNDECLARED_SELECTOR = YES;
				GCC_WARN_UNINITIALIZED_AUTOS = YES_AGGRESSIVE;
				GCC_WARN_UNUSED_FUNCTION = YES;
				GCC_WARN_UNUSED_VARIABLE = YES;
				IPHONEOS_DEPLOYMENT_TARGET = 15.2;
				MTL_ENABLE_DEBUG_INFO = NO;
				MTL_FAST_MATH = YES;
				SDKROOT = iphoneos;
				SWIFT_COMPILATION_MODE = wholemodule;
				SWIFT_OPTIMIZATION_LEVEL = "-O";
				VALIDATE_PRODUCT = YES;
			};
			name = Release;
		};
		A6062AF927FB96E300DB089F /* Debug */ = {
			isa = XCBuildConfiguration;
			buildSettings = {
				ASSETCATALOG_COMPILER_APPICON_NAME = AppIcon;
				ASSETCATALOG_COMPILER_GLOBAL_ACCENT_COLOR_NAME = AccentColor;
				CODE_SIGN_STYLE = Automatic;
				CURRENT_PROJECT_VERSION = 1;
				GENERATE_INFOPLIST_FILE = YES;
				INFOPLIST_FILE = JobMemo/Info.plist;
				INFOPLIST_KEY_UIApplicationSupportsIndirectInputEvents = YES;
				INFOPLIST_KEY_UILaunchStoryboardName = LaunchScreen;
				INFOPLIST_KEY_UIMainStoryboardFile = Main;
				INFOPLIST_KEY_UISupportedInterfaceOrientations_iPad = "UIInterfaceOrientationPortrait UIInterfaceOrientationPortraitUpsideDown UIInterfaceOrientationLandscapeLeft UIInterfaceOrientationLandscapeRight";
				INFOPLIST_KEY_UISupportedInterfaceOrientations_iPhone = "UIInterfaceOrientationPortrait UIInterfaceOrientationLandscapeLeft UIInterfaceOrientationLandscapeRight";
				LD_RUNPATH_SEARCH_PATHS = (
					"$(inherited)",
					"@executable_path/Frameworks",
				);
				MARKETING_VERSION = 1.0;
				PRODUCT_BUNDLE_IDENTIFIER = yaozhang.jobmemo;
				PRODUCT_NAME = "$(TARGET_NAME)";
				SWIFT_EMIT_LOC_STRINGS = YES;
				SWIFT_VERSION = 5.0;
				TARGETED_DEVICE_FAMILY = "1,2";
			};
			name = Debug;
		};
		A6062AFA27FB96E300DB089F /* Release */ = {
			isa = XCBuildConfiguration;
			buildSettings = {
				ASSETCATALOG_COMPILER_APPICON_NAME = AppIcon;
				ASSETCATALOG_COMPILER_GLOBAL_ACCENT_COLOR_NAME = AccentColor;
				CODE_SIGN_STYLE = Automatic;
				CURRENT_PROJECT_VERSION = 1;
				GENERATE_INFOPLIST_FILE = YES;
				INFOPLIST_FILE = JobMemo/Info.plist;
				INFOPLIST_KEY_UIApplicationSupportsIndirectInputEvents = YES;
				INFOPLIST_KEY_UILaunchStoryboardName = LaunchScreen;
				INFOPLIST_KEY_UIMainStoryboardFile = Main;
				INFOPLIST_KEY_UISupportedInterfaceOrientations_iPad = "UIInterfaceOrientationPortrait UIInterfaceOrientationPortraitUpsideDown UIInterfaceOrientationLandscapeLeft UIInterfaceOrientationLandscapeRight";
				INFOPLIST_KEY_UISupportedInterfaceOrientations_iPhone = "UIInterfaceOrientationPortrait UIInterfaceOrientationLandscapeLeft UIInterfaceOrientationLandscapeRight";
				LD_RUNPATH_SEARCH_PATHS = (
					"$(inherited)",
					"@executable_path/Frameworks",
				);
				MARKETING_VERSION = 1.0;
				PRODUCT_BUNDLE_IDENTIFIER = yaozhang.jobmemo;
				PRODUCT_NAME = "$(TARGET_NAME)";
				SWIFT_EMIT_LOC_STRINGS = YES;
				SWIFT_VERSION = 5.0;
				TARGETED_DEVICE_FAMILY = "1,2";
			};
			name = Release;
		};
/* End XCBuildConfiguration section */

/* Begin XCConfigurationList section */
		A6062ADC27FB96E100DB089F /* Build configuration list for PBXProject "JobMemo" */ = {
			isa = XCConfigurationList;
			buildConfigurations = (
				A6062AF627FB96E300DB089F /* Debug */,
				A6062AF727FB96E300DB089F /* Release */,
			);
			defaultConfigurationIsVisible = 0;
			defaultConfigurationName = Release;
		};
		A6062AF827FB96E300DB089F /* Build configuration list for PBXNativeTarget "JobMemo" */ = {
			isa = XCConfigurationList;
			buildConfigurations = (
				A6062AF927FB96E300DB089F /* Debug */,
				A6062AFA27FB96E300DB089F /* Release */,
			);
			defaultConfigurationIsVisible = 0;
			defaultConfigurationName = Release;
		};
/* End XCConfigurationList section */

/* Begin XCVersionGroup section */
		104513BD280B518B00E7F875 /* JobMemo.xcdatamodeld */ = {
			isa = XCVersionGroup;
			children = (
				104513BE280B518B00E7F875 /* JobMemo.xcdatamodel */,
			);
			currentVersion = 104513BE280B518B00E7F875 /* JobMemo.xcdatamodel */;
			path = JobMemo.xcdatamodeld;
			sourceTree = "<group>";
			versionGroupType = wrapper.xcdatamodel;
		};
/* End XCVersionGroup section */
	};
	rootObject = A6062AD927FB96E100DB089F /* Project object */;
}
